{
  "name": "myproject",
  "version": "1.0.0",
  "lockfileVersion": 1,
  "requires": true,
  "dependencies": {
    "@types/xrm": {
      "version": "9.0.0",
      "resolved": "https://registry.npmjs.org/@types/xrm/-/xrm-9.0.0.tgz",
      "integrity": "sha512-U0uoR/QlphX8QVKgWe8QGZUQa68OIoMQvGvr+Xet6MIZlvkwkrN3FW3iOziVPngkSpNrcEoJAm+bEX8oOWGWmA==",
      "dev": true
    }
  }
}
